{
  "name": "type-demo",
  "version": "0.0.0",
  "lockfileVersion": 1,
  "requires": true,
  "dependencies": {
    "@types/node": {
      "version": "8.10.47",
      "resolved": "https://registry.npmjs.org/@types/node/-/node-8.10.47.tgz",
      "integrity": "sha512-HshJQ2myCc05qYuR99HvJRK5rWOPwKLumVDrpizY58OJUVEgRwd7RtxqDOOi350VGxFI8hrCtjR7IaDfo0S12Q==",
      "dev": true
    }
  }
}
