
Microsoft Visual Studio Solution File, Format Version 12.00
# Visual Studio 15
VisualStudioVersion = 15.0.28307.421
MinimumVisualStudioVersion = 10.0.40219.1
Project("{9092AA53-FB77-4645-B42D-1CCCA6BD08BD}") = "TypeDemo", "TypeDemo\TypeDemo.njsproj", "{7339191D-A180-49F5-85A4-6F9A45E46FB1}"
EndProject
Global
	GlobalSection(SolutionConfigurationPlatforms) = preSolution
		Debug|Any CPU = Debug|Any CPU
		Release|Any CPU = Release|Any CPU
	EndGlobalSection
	GlobalSection(ProjectConfigurationPlatforms) = postSolution
		{7339191D-A180-49F5-85A4-6F9A45E46FB1}.Debug|Any CPU.ActiveCfg = Debug|Any CPU
		{7339191D-A180-49F5-85A4-6F9A45E46FB1}.Debug|Any CPU.Build.0 = Debug|Any CPU
		{7339191D-A180-49F5-85A4-6F9A45E46FB1}.Release|Any CPU.ActiveCfg = Release|Any CPU
		{7339191D-A180-49F5-85A4-6F9A45E46FB1}.Release|Any CPU.Build.0 = Release|Any CPU
	EndGlobalSection
	GlobalSection(SolutionProperties) = preSolution
		HideSolutionNode = FALSE
	EndGlobalSection
	GlobalSection(ExtensibilityGlobals) = postSolution
		SolutionGuid = {1677BAE2-CA79-4F2D-9822-B71D4246EC80}
	EndGlobalSection
EndGlobal
